
Microsoft Visual Studio Solution File, Format Version 12.00
# Visual Studio Version 17
VisualStudioVersion = 17.3.32922.545
MinimumVisualStudioVersion = 10.0.40219.1
Project("{9A19103F-16F7-4668-BE54-9A1E7A4F7556}") = "Circle", "Circle\Circle.csproj", "{BF817F46-0A39-493A-A198-7C4604710E35}"
EndProject
Project("{9A19103F-16F7-4668-BE54-9A1E7A4F7556}") = "BankAccount", "BankAccount\BankAccount.csproj", "{3F77A666-56EA-4E53-A037-4D1DE1FD0912}"
EndProject
Project("{FAE04EC0-301F-11D3-BF4B-00C04F79EFBC}") = "Q1Employee", "Q1Employee\Q1Employee.csproj", "{724FD0BD-8FF3-4E5C-987E-E9C5F4511DA2}"
EndProject
Global
	GlobalSection(SolutionConfigurationPlatforms) = preSolution
		Debug|Any CPU = Debug|Any CPU
		Release|Any CPU = Release|Any CPU
	EndGlobalSection
	GlobalSection(ProjectConfigurationPlatforms) = postSolution
		{BF817F46-0A39-493A-A198-7C4604710E35}.Debug|Any CPU.ActiveCfg = Debug|Any CPU
		{BF817F46-0A39-493A-A198-7C4604710E35}.Debug|Any CPU.Build.0 = Debug|Any CPU
		{BF817F46-0A39-493A-A198-7C4604710E35}.Release|Any CPU.ActiveCfg = Release|Any CPU
		{BF817F46-0A39-493A-A198-7C4604710E35}.Release|Any CPU.Build.0 = Release|Any CPU
		{3F77A666-56EA-4E53-A037-4D1DE1FD0912}.Debug|Any CPU.ActiveCfg = Debug|Any CPU
		{3F77A666-56EA-4E53-A037-4D1DE1FD0912}.Debug|Any CPU.Build.0 = Debug|Any CPU
		{3F77A666-56EA-4E53-A037-4D1DE1FD0912}.Release|Any CPU.ActiveCfg = Release|Any CPU
		{3F77A666-56EA-4E53-A037-4D1DE1FD0912}.Release|Any CPU.Build.0 = Release|Any CPU
		{724FD0BD-8FF3-4E5C-987E-E9C5F4511DA2}.Debug|Any CPU.ActiveCfg = Debug|Any CPU
		{724FD0BD-8FF3-4E5C-987E-E9C5F4511DA2}.Debug|Any CPU.Build.0 = Debug|Any CPU
		{724FD0BD-8FF3-4E5C-987E-E9C5F4511DA2}.Release|Any CPU.ActiveCfg = Release|Any CPU
		{724FD0BD-8FF3-4E5C-987E-E9C5F4511DA2}.Release|Any CPU.Build.0 = Release|Any CPU
	EndGlobalSection
	GlobalSection(SolutionProperties) = preSolution
		HideSolutionNode = FALSE
	EndGlobalSection
	GlobalSection(ExtensibilityGlobals) = postSolution
		SolutionGuid = {9FAF9A3D-09FA-4139-A9E8-32488FE84909}
	EndGlobalSection
EndGlobal
